
Microsoft Visual Studio Solution File, Format Version 12.00
# Visual Studio Version 16
VisualStudioVersion = 16.0.30717.126
MinimumVisualStudioVersion = 10.0.40219.1
Project("{8BC9CEB8-8B4A-11D0-8D11-00A0C91BC942}") = "GitCollab_Zebra", "GitCollab_Zebra.vcxproj", "{17A18F59-6031-4C7F-B1C1-E2B70298E9EB}"
EndProject
Global
	GlobalSection(SolutionConfigurationPlatforms) = preSolution
		Debug|x64 = Debug|x64
		Debug|x86 = Debug|x86
		Release|x64 = Release|x64
		Release|x86 = Release|x86
	EndGlobalSection
	GlobalSection(ProjectConfigurationPlatforms) = postSolution
		{17A18F59-6031-4C7F-B1C1-E2B70298E9EB}.Debug|x64.ActiveCfg = Debug|x64
		{17A18F59-6031-4C7F-B1C1-E2B70298E9EB}.Debug|x64.Build.0 = Debug|x64
		{17A18F59-6031-4C7F-B1C1-E2B70298E9EB}.Debug|x86.ActiveCfg = Debug|Win32
		{17A18F59-6031-4C7F-B1C1-E2B70298E9EB}.Debug|x86.Build.0 = Debug|Win32
		{17A18F59-6031-4C7F-B1C1-E2B70298E9EB}.Release|x64.ActiveCfg = Release|x64
		{17A18F59-6031-4C7F-B1C1-E2B70298E9EB}.Release|x64.Build.0 = Release|x64
		{17A18F59-6031-4C7F-B1C1-E2B70298E9EB}.Release|x86.ActiveCfg = Release|Win32
		{17A18F59-6031-4C7F-B1C1-E2B70298E9EB}.Release|x86.Build.0 = Release|Win32
	EndGlobalSection
	GlobalSection(SolutionProperties) = preSolution
		HideSolutionNode = FALSE
	EndGlobalSection
	GlobalSection(ExtensibilityGlobals) = postSolution
		SolutionGuid = {8DA3FC9E-D532-4CD0-A58D-2BD47470C49A}
	EndGlobalSection
EndGlobal
